
Microsoft Visual Studio Solution File, Format Version 12.00
# Visual Studio Version 16
VisualStudioVersion = 16.0.29318.209
MinimumVisualStudioVersion = 10.0.40219.1
Project("{FAE04EC0-301F-11D3-BF4B-00C04F79EFBC}") = "Salon rating", "Salon rating\Salon rating.csproj", "{36E3F61D-8FB0-48F9-B4F4-3564C6F2042E}"
EndProject
Global
	GlobalSection(SolutionConfigurationPlatforms) = preSolution
		Debug|Any CPU = Debug|Any CPU
		Release|Any CPU = Release|Any CPU
	EndGlobalSection
	GlobalSection(ProjectConfigurationPlatforms) = postSolution
		{36E3F61D-8FB0-48F9-B4F4-3564C6F2042E}.Debug|Any CPU.ActiveCfg = Debug|Any CPU
		{36E3F61D-8FB0-48F9-B4F4-3564C6F2042E}.Debug|Any CPU.Build.0 = Debug|Any CPU
		{36E3F61D-8FB0-48F9-B4F4-3564C6F2042E}.Release|Any CPU.ActiveCfg = Release|Any CPU
		{36E3F61D-8FB0-48F9-B4F4-3564C6F2042E}.Release|Any CPU.Build.0 = Release|Any CPU
	EndGlobalSection
	GlobalSection(SolutionProperties) = preSolution
		HideSolutionNode = FALSE
	EndGlobalSection
	GlobalSection(ExtensibilityGlobals) = postSolution
		SolutionGuid = {4C8EB205-D08A-4A22-8C20-6F693FC2877F}
	EndGlobalSection
EndGlobal
